
Microsoft Visual Studio Solution File, Format Version 12.00
# Visual Studio Version 17
VisualStudioVersion = 17.3.32922.545
MinimumVisualStudioVersion = 10.0.40219.1
Project("{FAE04EC0-301F-11D3-BF4B-00C04F79EFBC}") = "WardrobeManager", "WardrobeManager\WardrobeManager.csproj", "{DFBA396F-6DE4-4811-AC00-B04F0046956E}"
EndProject
Global
	GlobalSection(SolutionConfigurationPlatforms) = preSolution
		Debug|Any CPU = Debug|Any CPU
		Release|Any CPU = Release|Any CPU
	EndGlobalSection
	GlobalSection(ProjectConfigurationPlatforms) = postSolution
		{DFBA396F-6DE4-4811-AC00-B04F0046956E}.Debug|Any CPU.ActiveCfg = Debug|Any CPU
		{DFBA396F-6DE4-4811-AC00-B04F0046956E}.Debug|Any CPU.Build.0 = Debug|Any CPU
		{DFBA396F-6DE4-4811-AC00-B04F0046956E}.Release|Any CPU.ActiveCfg = Release|Any CPU
		{DFBA396F-6DE4-4811-AC00-B04F0046956E}.Release|Any CPU.Build.0 = Release|Any CPU
	EndGlobalSection
	GlobalSection(SolutionProperties) = preSolution
		HideSolutionNode = FALSE
	EndGlobalSection
	GlobalSection(ExtensibilityGlobals) = postSolution
		SolutionGuid = {C69A866F-5AF0-4BC2-BBD4-78EFF0CF991F}
	EndGlobalSection
EndGlobal
